{
  "version": 4,
  "terraform_version": "1.1.9",
  "serial": 146,
  "lineage": "b4e83491-66de-1be4-6231-326b9bfe4000",
  "outputs": {},
  "resources": [
    {
      "mode": "managed",
      "type": "google_compute_backend_service",
      "name": "webapi_backend",
      "provider": "provider[\"registry.terraform.io/hashicorp/google\"]",
      "instances": []
    },
    {
      "mode": "managed",
      "type": "google_compute_firewall",
      "name": "allow_health_checks",
      "provider": "provider[\"registry.terraform.io/hashicorp/google\"]",
      "instances": [
        {
          "schema_version": 1,
          "attributes": {
            "allow": [
              {
                "ports": [],
                "protocol": "tcp"
              }
            ],
            "creation_timestamp": "2022-06-07T11:31:53.438-07:00",
            "deny": [],
            "description": "",
            "destination_ranges": [],
            "direction": "INGRESS",
            "disabled": false,
            "enable_logging": null,
            "id": "projects/sunlit-flag-351808/global/firewalls/allow-health-checks",
            "log_config": [],
            "name": "allow-health-checks",
            "network": "https://www.googleapis.com/compute/v1/projects/sunlit-flag-351808/global/networks/webapi-net",
            "priority": 1000,
            "project": "sunlit-flag-351808",
            "self_link": "https://www.googleapis.com/compute/v1/projects/sunlit-flag-351808/global/firewalls/allow-health-checks",
            "source_ranges": [
              "130.211.0.0/22",
              "35.191.0.0/16"
            ],
            "source_service_accounts": null,
            "source_tags": null,
            "target_service_accounts": null,
            "target_tags": [
              "thrift-api"
            ],
            "timeouts": null
          },
          "sensitive_attributes": [],
          "private": "eyJlMmJmYjczMC1lY2FhLTExZTYtOGY4OC0zNDM2M2JjN2M0YzAiOnsiY3JlYXRlIjoxMjAwMDAwMDAwMDAwLCJkZWxldGUiOjEyMDAwMDAwMDAwMDAsInVwZGF0ZSI6MTIwMDAwMDAwMDAwMH0sInNjaGVtYV92ZXJzaW9uIjoiMSJ9"
        }
      ]
    },
    {
      "mode": "managed",
      "type": "google_compute_firewall",
      "name": "allow_internal_ssh",
      "provider": "provider[\"registry.terraform.io/hashicorp/google\"]",
      "instances": [
        {
          "schema_version": 1,
          "attributes": {
            "allow": [
              {
                "ports": [
                  "22"
                ],
                "protocol": "tcp"
              }
            ],
            "creation_timestamp": "2022-06-07T11:31:53.445-07:00",
            "deny": [],
            "description": "",
            "destination_ranges": [],
            "direction": "INGRESS",
            "disabled": false,
            "enable_logging": null,
            "id": "projects/sunlit-flag-351808/global/firewalls/allow-internal-ssh",
            "log_config": [],
            "name": "allow-internal-ssh",
            "network": "https://www.googleapis.com/compute/v1/projects/sunlit-flag-351808/global/networks/webapi-net",
            "priority": 1000,
            "project": "sunlit-flag-351808",
            "self_link": "https://www.googleapis.com/compute/v1/projects/sunlit-flag-351808/global/firewalls/allow-internal-ssh",
            "source_ranges": [
              "35.235.240.0/20"
            ],
            "source_service_accounts": null,
            "source_tags": null,
            "target_service_accounts": null,
            "target_tags": [
              "thrift-api"
            ],
            "timeouts": null
          },
          "sensitive_attributes": [],
          "private": "eyJlMmJmYjczMC1lY2FhLTExZTYtOGY4OC0zNDM2M2JjN2M0YzAiOnsiY3JlYXRlIjoxMjAwMDAwMDAwMDAwLCJkZWxldGUiOjEyMDAwMDAwMDAwMDAsInVwZGF0ZSI6MTIwMDAwMDAwMDAwMH0sInNjaGVtYV92ZXJzaW9uIjoiMSJ9"
        }
      ]
    },
    {
      "mode": "managed",
      "type": "google_compute_global_address",
      "name": "webapi_static_ip",
      "provider": "provider[\"registry.terraform.io/hashicorp/google\"]",
      "instances": [
        {
          "schema_version": 0,
          "attributes": {
            "address": "34.110.186.225",
            "address_type": "EXTERNAL",
            "creation_timestamp": "2022-06-07T11:31:53.346-07:00",
            "description": "",
            "id": "projects/sunlit-flag-351808/global/addresses/webapi-static-ip",
            "ip_version": "",
            "name": "webapi-static-ip",
            "network": "",
            "prefix_length": 0,
            "project": "sunlit-flag-351808",
            "purpose": "",
            "self_link": "https://www.googleapis.com/compute/v1/projects/sunlit-flag-351808/global/addresses/webapi-static-ip",
            "timeouts": null
          },
          "sensitive_attributes": [],
          "private": "eyJlMmJmYjczMC1lY2FhLTExZTYtOGY4OC0zNDM2M2JjN2M0YzAiOnsiY3JlYXRlIjoxMjAwMDAwMDAwMDAwLCJkZWxldGUiOjEyMDAwMDAwMDAwMDB9fQ=="
        }
      ]
    },
    {
      "mode": "managed",
      "type": "google_compute_global_forwarding_rule",
      "name": "http_redirect",
      "provider": "provider[\"registry.terraform.io/hashicorp/google\"]",
      "instances": [
        {
          "schema_version": 0,
          "attributes": {
            "description": "",
            "id": "projects/sunlit-flag-351808/global/forwardingRules/http-redirect",
            "ip_address": "projects/sunlit-flag-351808/global/addresses/webapi-static-ip",
            "ip_protocol": "TCP",
            "ip_version": "",
            "label_fingerprint": "42WmSpB8rSM=",
            "labels": null,
            "load_balancing_scheme": "EXTERNAL",
            "metadata_filters": [],
            "name": "http-redirect",
            "network": "",
            "port_range": "80",
            "project": "sunlit-flag-351808",
            "self_link": "https://www.googleapis.com/compute/v1/projects/sunlit-flag-351808/global/forwardingRules/http-redirect",
            "target": "https://www.googleapis.com/compute/v1/projects/sunlit-flag-351808/global/targetHttpProxies/http-redirect",
            "timeouts": null
          },
          "sensitive_attributes": [],
          "private": "eyJlMmJmYjczMC1lY2FhLTExZTYtOGY4OC0zNDM2M2JjN2M0YzAiOnsiY3JlYXRlIjoxMjAwMDAwMDAwMDAwLCJkZWxldGUiOjEyMDAwMDAwMDAwMDAsInVwZGF0ZSI6MTIwMDAwMDAwMDAwMH19",
          "dependencies": [
            "google_compute_global_address.webapi_static_ip",
            "google_compute_target_http_proxy.http_redirect"
          ]
        }
      ]
    },
    {
      "mode": "managed",
      "type": "google_compute_global_forwarding_rule",
      "name": "webapi_forwarding_rule",
      "provider": "provider[\"registry.terraform.io/hashicorp/google\"]",
      "instances": []
    },
    {
      "mode": "managed",
      "type": "google_compute_health_check",
      "name": "webapi_hc",
      "provider": "provider[\"registry.terraform.io/hashicorp/google\"]",
      "instances": [
        {
          "schema_version": 0,
          "attributes": {
            "check_interval_sec": 30,
            "creation_timestamp": "2022-06-07T11:31:09.346-07:00",
            "description": "",
            "grpc_health_check": [],
            "healthy_threshold": 1,
            "http2_health_check": [],
            "http_health_check": [],
            "https_health_check": [],
            "id": "projects/sunlit-flag-351808/global/healthChecks/webapi-hc",
            "log_config": [
              {
                "enable": false
              }
            ],
            "name": "webapi-hc",
            "project": "sunlit-flag-351808",
            "self_link": "https://www.googleapis.com/compute/v1/projects/sunlit-flag-351808/global/healthChecks/webapi-hc",
            "ssl_health_check": [],
            "tcp_health_check": [
              {
                "port": 80,
                "port_name": "",
                "port_specification": "",
                "proxy_header": "NONE",
                "request": "",
                "response": ""
              }
            ],
            "timeout_sec": 1,
            "timeouts": null,
            "type": "TCP",
            "unhealthy_threshold": 10
          },
          "sensitive_attributes": [],
          "private": "eyJlMmJmYjczMC1lY2FhLTExZTYtOGY4OC0zNDM2M2JjN2M0YzAiOnsiY3JlYXRlIjoxMjAwMDAwMDAwMDAwLCJkZWxldGUiOjEyMDAwMDAwMDAwMDAsInVwZGF0ZSI6MTIwMDAwMDAwMDAwMH19"
        }
      ]
    },
    {
      "mode": "managed",
      "type": "google_compute_health_check",
      "name": "webapi_lb_hc",
      "provider": "provider[\"registry.terraform.io/hashicorp/google\"]",
      "instances": [
        {
          "schema_version": 0,
          "attributes": {
            "check_interval_sec": 15,
            "creation_timestamp": "2022-06-07T11:31:09.346-07:00",
            "description": "Health check via tcp",
            "grpc_health_check": [],
            "healthy_threshold": 1,
            "http2_health_check": [],
            "http_health_check": [],
            "https_health_check": [],
            "id": "projects/sunlit-flag-351808/global/healthChecks/webapi-lb-hc",
            "log_config": [
              {
                "enable": false
              }
            ],
            "name": "webapi-lb-hc",
            "project": "sunlit-flag-351808",
            "self_link": "https://www.googleapis.com/compute/v1/projects/sunlit-flag-351808/global/healthChecks/webapi-lb-hc",
            "ssl_health_check": [],
            "tcp_health_check": [
              {
                "port": 80,
                "port_name": "http",
                "port_specification": "",
                "proxy_header": "NONE",
                "request": "",
                "response": ""
              }
            ],
            "timeout_sec": 15,
            "timeouts": null,
            "type": "TCP",
            "unhealthy_threshold": 10
          },
          "sensitive_attributes": [],
          "private": "eyJlMmJmYjczMC1lY2FhLTExZTYtOGY4OC0zNDM2M2JjN2M0YzAiOnsiY3JlYXRlIjoxMjAwMDAwMDAwMDAwLCJkZWxldGUiOjEyMDAwMDAwMDAwMDAsInVwZGF0ZSI6MTIwMDAwMDAwMDAwMH19"
        }
      ]
    },
    {
      "mode": "managed",
      "type": "google_compute_managed_ssl_certificate",
      "name": "webapi_ssl",
      "provider": "provider[\"registry.terraform.io/hashicorp/google\"]",
      "instances": [
        {
          "schema_version": 0,
          "attributes": {
            "certificate_id": 5804971916602255234,
            "creation_timestamp": "2022-06-07T11:31:09.351-07:00",
            "description": "",
            "expire_time": "",
            "id": "projects/sunlit-flag-351808/global/sslCertificates/webapi-cert",
            "managed": [
              {
                "domains": [
                  "thrifthunter.csproject.org"
                ]
              }
            ],
            "name": "webapi-cert",
            "project": "sunlit-flag-351808",
            "self_link": "https://www.googleapis.com/compute/v1/projects/sunlit-flag-351808/global/sslCertificates/webapi-cert",
            "subject_alternative_names": [],
            "timeouts": null,
            "type": "MANAGED"
          },
          "sensitive_attributes": [],
          "private": "eyJlMmJmYjczMC1lY2FhLTExZTYtOGY4OC0zNDM2M2JjN2M0YzAiOnsiY3JlYXRlIjoxODAwMDAwMDAwMDAwLCJkZWxldGUiOjE4MDAwMDAwMDAwMDB9fQ=="
        }
      ]
    },
    {
      "mode": "managed",
      "type": "google_compute_network",
      "name": "webapi_network",
      "provider": "provider[\"registry.terraform.io/hashicorp/google\"]",
      "instances": [
        {
          "schema_version": 0,
          "attributes": {
            "auto_create_subnetworks": false,
            "delete_default_routes_on_create": false,
            "description": "",
            "gateway_ipv4": "",
            "id": "projects/sunlit-flag-351808/global/networks/webapi-net",
            "mtu": 0,
            "name": "webapi-net",
            "project": "sunlit-flag-351808",
            "routing_mode": "REGIONAL",
            "self_link": "https://www.googleapis.com/compute/v1/projects/sunlit-flag-351808/global/networks/webapi-net",
            "timeouts": null
          },
          "sensitive_attributes": [],
          "private": "eyJlMmJmYjczMC1lY2FhLTExZTYtOGY4OC0zNDM2M2JjN2M0YzAiOnsiY3JlYXRlIjoxMjAwMDAwMDAwMDAwLCJkZWxldGUiOjEyMDAwMDAwMDAwMDAsInVwZGF0ZSI6MTIwMDAwMDAwMDAwMH19"
        }
      ]
    },
    {
      "mode": "managed",
      "type": "google_compute_router",
      "name": "webapi_router",
      "provider": "provider[\"registry.terraform.io/hashicorp/google\"]",
      "instances": [
        {
          "schema_version": 0,
          "attributes": {
            "bgp": [],
            "creation_timestamp": "2022-06-07T11:31:53.551-07:00",
            "description": "",
            "encrypted_interconnect_router": false,
            "id": "projects/sunlit-flag-351808/regions/asia-southeast2/routers/webapi-router",
            "name": "webapi-router",
            "network": "https://www.googleapis.com/compute/v1/projects/sunlit-flag-351808/global/networks/webapi-net",
            "project": "sunlit-flag-351808",
            "region": "asia-southeast2",
            "self_link": "https://www.googleapis.com/compute/v1/projects/sunlit-flag-351808/regions/asia-southeast2/routers/webapi-router",
            "timeouts": null
          },
          "sensitive_attributes": [],
          "private": "eyJlMmJmYjczMC1lY2FhLTExZTYtOGY4OC0zNDM2M2JjN2M0YzAiOnsiY3JlYXRlIjoxMjAwMDAwMDAwMDAwLCJkZWxldGUiOjEyMDAwMDAwMDAwMDAsInVwZGF0ZSI6MTIwMDAwMDAwMDAwMH19"
        }
      ]
    },
    {
      "mode": "managed",
      "type": "google_compute_router_nat",
      "name": "webapi_nat",
      "provider": "provider[\"registry.terraform.io/hashicorp/google\"]",
      "instances": [
        {
          "schema_version": 0,
          "attributes": {
            "drain_nat_ips": null,
            "enable_dynamic_port_allocation": false,
            "enable_endpoint_independent_mapping": true,
            "icmp_idle_timeout_sec": 30,
            "id": "sunlit-flag-351808/asia-southeast2/webapi-router/webapi-nat",
            "log_config": [
              {
                "enable": true,
                "filter": "ERRORS_ONLY"
              }
            ],
            "min_ports_per_vm": 0,
            "name": "webapi-nat",
            "nat_ip_allocate_option": "AUTO_ONLY",
            "nat_ips": null,
            "project": "sunlit-flag-351808",
            "region": "asia-southeast2",
            "router": "webapi-router",
            "source_subnetwork_ip_ranges_to_nat": "ALL_SUBNETWORKS_ALL_IP_RANGES",
            "subnetwork": [],
            "tcp_established_idle_timeout_sec": 1200,
            "tcp_transitory_idle_timeout_sec": 30,
            "timeouts": null,
            "udp_idle_timeout_sec": 30
          },
          "sensitive_attributes": [],
          "private": "eyJlMmJmYjczMC1lY2FhLTExZTYtOGY4OC0zNDM2M2JjN2M0YzAiOnsiY3JlYXRlIjoxMjAwMDAwMDAwMDAwLCJkZWxldGUiOjEyMDAwMDAwMDAwMDAsInVwZGF0ZSI6MTIwMDAwMDAwMDAwMH19",
          "dependencies": [
            "google_compute_router.webapi_router"
          ]
        }
      ]
    },
    {
      "mode": "managed",
      "type": "google_compute_subnetwork",
      "name": "webapi_subnet",
      "provider": "provider[\"registry.terraform.io/hashicorp/google\"]",
      "instances": [
        {
          "schema_version": 0,
          "attributes": {
            "creation_timestamp": "2022-06-07T11:31:54.846-07:00",
            "description": "",
            "external_ipv6_prefix": "",
            "fingerprint": null,
            "gateway_address": "10.240.0.1",
            "id": "projects/sunlit-flag-351808/regions/asia-southeast2/subnetworks/webapi-subnet",
            "ip_cidr_range": "10.240.0.0/20",
            "ipv6_access_type": "",
            "ipv6_cidr_range": "",
            "log_config": [],
            "name": "webapi-subnet",
            "network": "https://www.googleapis.com/compute/v1/projects/sunlit-flag-351808/global/networks/webapi-net",
            "private_ip_google_access": false,
            "private_ipv6_google_access": "DISABLE_GOOGLE_ACCESS",
            "project": "sunlit-flag-351808",
            "purpose": "PRIVATE",
            "region": "asia-southeast2",
            "role": "",
            "secondary_ip_range": [],
            "self_link": "https://www.googleapis.com/compute/v1/projects/sunlit-flag-351808/regions/asia-southeast2/subnetworks/webapi-subnet",
            "stack_type": "IPV4_ONLY",
            "timeouts": null
          },
          "sensitive_attributes": [],
          "private": "eyJlMmJmYjczMC1lY2FhLTExZTYtOGY4OC0zNDM2M2JjN2M0YzAiOnsiY3JlYXRlIjoxMjAwMDAwMDAwMDAwLCJkZWxldGUiOjEyMDAwMDAwMDAwMDAsInVwZGF0ZSI6MTIwMDAwMDAwMDAwMH19"
        }
      ]
    },
    {
      "mode": "managed",
      "type": "google_compute_target_http_proxy",
      "name": "http_redirect",
      "provider": "provider[\"registry.terraform.io/hashicorp/google\"]",
      "instances": [
        {
          "schema_version": 0,
          "attributes": {
            "creation_timestamp": "2022-06-07T11:31:21.121-07:00",
            "description": "",
            "id": "projects/sunlit-flag-351808/global/targetHttpProxies/http-redirect",
            "name": "http-redirect",
            "project": "sunlit-flag-351808",
            "proxy_bind": false,
            "proxy_id": 370382250299238294,
            "self_link": "https://www.googleapis.com/compute/v1/projects/sunlit-flag-351808/global/targetHttpProxies/http-redirect",
            "timeouts": null,
            "url_map": "https://www.googleapis.com/compute/v1/projects/sunlit-flag-351808/global/urlMaps/http-redirect"
          },
          "sensitive_attributes": [],
          "private": "eyJlMmJmYjczMC1lY2FhLTExZTYtOGY4OC0zNDM2M2JjN2M0YzAiOnsiY3JlYXRlIjoxMjAwMDAwMDAwMDAwLCJkZWxldGUiOjEyMDAwMDAwMDAwMDAsInVwZGF0ZSI6MTIwMDAwMDAwMDAwMH19",
          "dependencies": [
            "google_compute_url_map.http_redirect"
          ]
        }
      ]
    },
    {
      "mode": "managed",
      "type": "google_compute_target_https_proxy",
      "name": "webapi_https_proxy",
      "provider": "provider[\"registry.terraform.io/hashicorp/google\"]",
      "instances": []
    },
    {
      "mode": "managed",
      "type": "google_compute_url_map",
      "name": "http_redirect",
      "provider": "provider[\"registry.terraform.io/hashicorp/google\"]",
      "instances": [
        {
          "schema_version": 0,
          "attributes": {
            "creation_timestamp": "2022-06-07T11:31:09.334-07:00",
            "default_route_action": [],
            "default_service": "",
            "default_url_redirect": [
              {
                "host_redirect": "",
                "https_redirect": true,
                "path_redirect": "",
                "prefix_redirect": "",
                "redirect_response_code": "MOVED_PERMANENTLY_DEFAULT",
                "strip_query": false
              }
            ],
            "description": "",
            "fingerprint": "CJcRHhGbnSY=",
            "header_action": [],
            "host_rule": [],
            "id": "projects/sunlit-flag-351808/global/urlMaps/http-redirect",
            "map_id": 3390586266250782594,
            "name": "http-redirect",
            "path_matcher": [],
            "project": "sunlit-flag-351808",
            "self_link": "https://www.googleapis.com/compute/v1/projects/sunlit-flag-351808/global/urlMaps/http-redirect",
            "test": [],
            "timeouts": null
          },
          "sensitive_attributes": [],
          "private": "eyJlMmJmYjczMC1lY2FhLTExZTYtOGY4OC0zNDM2M2JjN2M0YzAiOnsiY3JlYXRlIjoxMjAwMDAwMDAwMDAwLCJkZWxldGUiOjEyMDAwMDAwMDAwMDAsInVwZGF0ZSI6MTIwMDAwMDAwMDAwMH19"
        }
      ]
    },
    {
      "mode": "managed",
      "type": "google_compute_url_map",
      "name": "webapi_url_map",
      "provider": "provider[\"registry.terraform.io/hashicorp/google-beta\"]",
      "instances": []
    },
    {
      "mode": "managed",
      "type": "google_project_iam_member",
      "name": "iap-ssh",
      "provider": "provider[\"registry.terraform.io/hashicorp/google\"]",
      "instances": [
        {
          "schema_version": 0,
          "attributes": {
            "condition": [],
            "etag": "BwXg38sdHiE=",
            "id": "sunlit-flag-351808/roles/iap.tunnelResourceAccessor/user:c2312f2685@bangkit.academy",
            "member": "user:c2312f2685@bangkit.academy",
            "project": "sunlit-flag-351808",
            "role": "roles/iap.tunnelResourceAccessor"
          },
          "sensitive_attributes": [],
          "private": "bnVsbA=="
        }
      ]
    },
    {
      "module": "module.container-vm",
      "mode": "data",
      "type": "google_compute_image",
      "name": "coreos",
      "provider": "provider[\"registry.terraform.io/hashicorp/google\"]",
      "instances": [
        {
          "schema_version": 0,
          "attributes": {
            "archive_size_bytes": 1300890432,
            "creation_timestamp": "2022-06-03T15:07:33.867-07:00",
            "description": "Google, Container-Optimized OS, 97-16919.29.40 stable, Kernel: COS-5.10.107 Kubernetes: 1.23.3 Docker: 20.10.12 Family: cos-stable, supports Shielded VM features, supports Confidential VM features on N2D",
            "disk_size_gb": 10,
            "family": "cos-stable",
            "filter": null,
            "id": "projects/cos-cloud/global/images/cos-stable-97-16919-29-40",
            "image_encryption_key_sha256": "",
            "image_id": "5440386440791275722",
            "label_fingerprint": "cv1EMzLCn1k=",
            "labels": {
              "build_number": "16919-29-40",
              "milestone": "97"
            },
            "licenses": [
              "https://www.googleapis.com/compute/v1/projects/cos-cloud/global/licenses/cos-pcid",
              "https://www.googleapis.com/compute/v1/projects/cos-cloud-shielded/global/licenses/shielded-cos",
              "https://www.googleapis.com/compute/v1/projects/cos-cloud/global/licenses/cos"
            ],
            "name": "cos-stable-97-16919-29-40",
            "project": "cos-cloud",
            "self_link": "https://www.googleapis.com/compute/v1/projects/cos-cloud/global/images/cos-stable-97-16919-29-40",
            "source_disk": "",
            "source_disk_encryption_key_sha256": "",
            "source_disk_id": "",
            "source_image_id": "",
            "status": "READY"
          },
          "sensitive_attributes": []
        }
      ]
    },
    {
      "module": "module.vm_mig",
      "mode": "data",
      "type": "google_compute_zones",
      "name": "available",
      "provider": "provider[\"registry.terraform.io/hashicorp/google\"]",
      "instances": [
        {
          "schema_version": 0,
          "attributes": {
            "id": "projects/sunlit-flag-351808/regions/asia-southeast2",
            "names": [
              "asia-southeast2-a",
              "asia-southeast2-b",
              "asia-southeast2-c"
            ],
            "project": "sunlit-flag-351808",
            "region": "asia-southeast2",
            "status": null
          },
          "sensitive_attributes": []
        }
      ]
    },
    {
      "module": "module.vm_mig",
      "mode": "managed",
      "type": "google_compute_health_check",
      "name": "http",
      "provider": "provider[\"registry.terraform.io/hashicorp/google\"]",
      "instances": []
    },
    {
      "module": "module.vm_mig",
      "mode": "managed",
      "type": "google_compute_health_check",
      "name": "https",
      "provider": "provider[\"registry.terraform.io/hashicorp/google\"]",
      "instances": []
    },
    {
      "module": "module.vm_mig",
      "mode": "managed",
      "type": "google_compute_health_check",
      "name": "tcp",
      "provider": "provider[\"registry.terraform.io/hashicorp/google\"]",
      "instances": []
    },
    {
      "module": "module.vm_mig",
      "mode": "managed",
      "type": "google_compute_region_autoscaler",
      "name": "autoscaler",
      "provider": "provider[\"registry.terraform.io/hashicorp/google\"]",
      "instances": []
    },
    {
      "module": "module.vm_mig",
      "mode": "managed",
      "type": "google_compute_region_instance_group_manager",
      "name": "mig",
      "provider": "provider[\"registry.terraform.io/hashicorp/google-beta\"]",
      "instances": []
    }
  ]
}
